%{"cowboy": {:hex, :cowboy, "1.0.0"},
  "cowlib": {:hex, :cowlib, "1.0.0"},
  "daily_trello": {:git, "git://github.com/paulanthonywilson/daily_trello.git", "3f66f150ac24ee7f710e99e9df21539f01144568", []},
  "hackney": {:hex, :hackney, "0.14.3"},
  "httpoison": {:hex, :httpoison, "0.4.3"},
  "idna": {:hex, :idna, "1.0.1"},
  "jsx": {:git, "git://github.com/talentdeficit/jsx.git", "c1d794f7a902768f82b4ea83fe082b88b6b5e517", [tag: "v2.3.0"]},
  "jsxn": {:git, "git://github.com/talentdeficit/jsxn.git", "6c1cc75d14499dead9ca2aadc915d9a036607ca9", []},
  "meck": {:hex, :meck, "0.8.2"},
  "mock": {:git, "git@github.com:jjh42/mock.git", "5d643b66da59e986d656d0f5e6dff789321da4ef", []},
  "phoenix": {:git, "git://github.com/phoenixframework/phoenix.git", "fa08d98d2f79c2b1a65b615d32629b6c19184a68", []},
  "plug": {:hex, :plug, "0.9.0"},
  "poison": {:hex, :poison, "1.3.0"},
  "ranch": {:hex, :ranch, "1.0.0"}}
